
Microsoft Visual Studio Solution File, Format Version 12.00
# Visual Studio Version 16
VisualStudioVersion = 25.0.1706.4
MinimumVisualStudioVersion = 10.0.40219.1
Project("{FAE04EC0-301F-11D3-BF4B-00C04F79EFBC}") = "OpenViewMaui", "OpenViewMaui\OpenViewMaui.csproj", "{AB61310B-3C84-46D1-A48E-DAB050FD6661}"
EndProject
Project("{FAE04EC0-301F-11D3-BF4B-00C04F79EFBC}") = "OpenViewMaui.Sample", "OpenViewMaui.Sample\OpenViewMaui.Sample.csproj", "{678FAA30-2D29-4AFC-BBBD-2B9E842290D1}"
EndProject
Global
	GlobalSection(SolutionConfigurationPlatforms) = preSolution
		Debug|Any CPU = Debug|Any CPU
		Release|Any CPU = Release|Any CPU
	EndGlobalSection
	GlobalSection(ProjectConfigurationPlatforms) = postSolution
		{AB61310B-3C84-46D1-A48E-DAB050FD6661}.Debug|Any CPU.ActiveCfg = Debug|Any CPU
		{AB61310B-3C84-46D1-A48E-DAB050FD6661}.Debug|Any CPU.Build.0 = Debug|Any CPU
		{AB61310B-3C84-46D1-A48E-DAB050FD6661}.Release|Any CPU.ActiveCfg = Release|Any CPU
		{AB61310B-3C84-46D1-A48E-DAB050FD6661}.Release|Any CPU.Build.0 = Release|Any CPU
		{678FAA30-2D29-4AFC-BBBD-2B9E842290D1}.Debug|Any CPU.ActiveCfg = Debug|Any CPU
		{678FAA30-2D29-4AFC-BBBD-2B9E842290D1}.Debug|Any CPU.Build.0 = Debug|Any CPU
		{678FAA30-2D29-4AFC-BBBD-2B9E842290D1}.Release|Any CPU.ActiveCfg = Release|Any CPU
		{678FAA30-2D29-4AFC-BBBD-2B9E842290D1}.Release|Any CPU.Build.0 = Release|Any CPU
	EndGlobalSection
	GlobalSection(SolutionProperties) = preSolution
		HideSolutionNode = FALSE
	EndGlobalSection
	GlobalSection(ExtensibilityGlobals) = postSolution
		SolutionGuid = {0DE16739-DF08-47F5-948D-197238BE4987}
	EndGlobalSection
EndGlobal
